
Microsoft Visual Studio Solution File, Format Version 12.00
# Visual Studio Version 17
VisualStudioVersion = 17.9.34622.214
MinimumVisualStudioVersion = 10.0.40219.1
Project("{FAE04EC0-301F-11D3-BF4B-00C04F79EFBC}") = "01AccountAbstrationApp", "01AccountAbstrationApp\01AccountAbstrationApp.csproj", "{43C620AC-172F-42FA-ABCE-B20C0F01FE5C}"
EndProject
Global
	GlobalSection(SolutionConfigurationPlatforms) = preSolution
		Debug|Any CPU = Debug|Any CPU
		Release|Any CPU = Release|Any CPU
	EndGlobalSection
	GlobalSection(ProjectConfigurationPlatforms) = postSolution
		{43C620AC-172F-42FA-ABCE-B20C0F01FE5C}.Debug|Any CPU.ActiveCfg = Debug|Any CPU
		{43C620AC-172F-42FA-ABCE-B20C0F01FE5C}.Debug|Any CPU.Build.0 = Debug|Any CPU
		{43C620AC-172F-42FA-ABCE-B20C0F01FE5C}.Release|Any CPU.ActiveCfg = Release|Any CPU
		{43C620AC-172F-42FA-ABCE-B20C0F01FE5C}.Release|Any CPU.Build.0 = Release|Any CPU
	EndGlobalSection
	GlobalSection(SolutionProperties) = preSolution
		HideSolutionNode = FALSE
	EndGlobalSection
	GlobalSection(ExtensibilityGlobals) = postSolution
		SolutionGuid = {ADC0E9F9-E32F-4CA6-AAAC-95F59D1D40F3}
	EndGlobalSection
EndGlobal
